
Microsoft Visual Studio Solution File, Format Version 12.00
# Visual Studio Version 16
VisualStudioVersion = 16.0.31112.23
MinimumVisualStudioVersion = 10.0.40219.1
Project("{FAE04EC0-301F-11D3-BF4B-00C04F79EFBC}") = "RegionCB", "RegionCB.csproj", "{58BDAB63-B110-4016-BF6D-ADB96DE59D32}"
EndProject
Global
	GlobalSection(SolutionConfigurationPlatforms) = preSolution
		Debug|Any CPU = Debug|Any CPU
		Release|Any CPU = Release|Any CPU
	EndGlobalSection
	GlobalSection(ProjectConfigurationPlatforms) = postSolution
		{58BDAB63-B110-4016-BF6D-ADB96DE59D32}.Debug|Any CPU.ActiveCfg = Debug|Any CPU
		{58BDAB63-B110-4016-BF6D-ADB96DE59D32}.Debug|Any CPU.Build.0 = Debug|Any CPU
		{58BDAB63-B110-4016-BF6D-ADB96DE59D32}.Release|Any CPU.ActiveCfg = Release|Any CPU
		{58BDAB63-B110-4016-BF6D-ADB96DE59D32}.Release|Any CPU.Build.0 = Release|Any CPU
	EndGlobalSection
	GlobalSection(SolutionProperties) = preSolution
		HideSolutionNode = FALSE
	EndGlobalSection
	GlobalSection(ExtensibilityGlobals) = postSolution
		SolutionGuid = {260A15A3-2083-4CB8-A0FE-509DF52F26B9}
	EndGlobalSection
EndGlobal
